
Microsoft Visual Studio Solution File, Format Version 12.00
# Visual Studio Version 16
VisualStudioVersion = 16.0.29519.87
MinimumVisualStudioVersion = 10.0.40219.1
Project("{9A19103F-16F7-4668-BE54-9A1E7A4F7556}") = "grafana", "grafana.csproj", "{AE8388A5-6B7D-45CE-A8C1-6CE295BC560E}"
EndProject
Project("{FAE04EC0-301F-11D3-BF4B-00C04F79EFBC}") = "domain", "..\domain\domain.csproj", "{2DFD8975-AD7F-44CA-8DFF-9676CC00AF03}"
EndProject
Global
	GlobalSection(SolutionConfigurationPlatforms) = preSolution
		Debug|Any CPU = Debug|Any CPU
		Release|Any CPU = Release|Any CPU
	EndGlobalSection
	GlobalSection(ProjectConfigurationPlatforms) = postSolution
		{AE8388A5-6B7D-45CE-A8C1-6CE295BC560E}.Debug|Any CPU.ActiveCfg = Debug|Any CPU
		{AE8388A5-6B7D-45CE-A8C1-6CE295BC560E}.Debug|Any CPU.Build.0 = Debug|Any CPU
		{AE8388A5-6B7D-45CE-A8C1-6CE295BC560E}.Release|Any CPU.ActiveCfg = Release|Any CPU
		{AE8388A5-6B7D-45CE-A8C1-6CE295BC560E}.Release|Any CPU.Build.0 = Release|Any CPU
		{2DFD8975-AD7F-44CA-8DFF-9676CC00AF03}.Debug|Any CPU.ActiveCfg = Debug|Any CPU
		{2DFD8975-AD7F-44CA-8DFF-9676CC00AF03}.Debug|Any CPU.Build.0 = Debug|Any CPU
		{2DFD8975-AD7F-44CA-8DFF-9676CC00AF03}.Release|Any CPU.ActiveCfg = Release|Any CPU
		{2DFD8975-AD7F-44CA-8DFF-9676CC00AF03}.Release|Any CPU.Build.0 = Release|Any CPU
	EndGlobalSection
	GlobalSection(SolutionProperties) = preSolution
		HideSolutionNode = FALSE
	EndGlobalSection
	GlobalSection(ExtensibilityGlobals) = postSolution
		SolutionGuid = {A0EFA7DB-2F7B-4F4E-ACBC-779229FBC1D7}
	EndGlobalSection
EndGlobal
